{
  "requires": true,
  "lockfileVersion": 1,
  "dependencies": {
    "bootstrap": {
      "version": "3.4.1",
      "resolved": "https://registry.npmjs.org/bootstrap/-/bootstrap-3.4.1.tgz",
      "integrity": "sha512-yN5oZVmRCwe5aKwzRj6736nSmKDX7pLYwsXiCj/EYmo16hODaBiT4En5btW/jhBF/seV+XMx3aYwukYC3A49DA=="
    },
    "bootstrap-sass": {
      "version": "3.4.1",
      "resolved": "https://registry.npmjs.org/bootstrap-sass/-/bootstrap-sass-3.4.1.tgz",
      "integrity": "sha512-p5rxsK/IyEDQm2CwiHxxUi0MZZtvVFbhWmyMOt4lLkA4bujDA1TGoKT0i1FKIWiugAdP+kK8T5KMDFIKQCLYIA=="
    },
    "incremental-dom": {
      "version": "0.5.1",
      "resolved": "https://registry.npmjs.org/incremental-dom/-/incremental-dom-0.5.1.tgz",
      "integrity": "sha1-UvRTnD6e7nzREqbaBS+3Fi/vsMM="
    },
    "incremental-dom-string": {
      "version": "0.0.5",
      "resolved": "https://registry.npmjs.org/incremental-dom-string/-/incremental-dom-string-0.0.5.tgz",
      "integrity": "sha512-RV8eDtzm3k9c2fPOGoGvOdEMg75VeY4NVMNzfDi2JKrcJ0jbT5ywvdG01Vz8injzsGWFKXlJKsA8Z2zIFWxhMw==",
      "requires": {
        "xss-filters": "^1.2.7"
      }
    },
    "metal": {
      "version": "2.16.8",
      "resolved": "https://registry.npmjs.org/metal/-/metal-2.16.8.tgz",
      "integrity": "sha512-5XN1DKLPEhgHCql8spIl4d8H+M6DQVNWAkagEryh+Pup3VxQe2v5KqEL7huFhE0cBXJiEq/RtHRBMqwjxOsV1g=="
    },
    "metal-affix": {
      "version": "2.0.0",
      "resolved": "https://registry.npmjs.org/metal-affix/-/metal-affix-2.0.0.tgz",
      "integrity": "sha1-FsTZFKYn0VIyoid2aRvyqxsM3jc=",
      "requires": {
        "metal": "^2.0.0",
        "metal-dom": "^2.0.0",
        "metal-events": "^2.0.0",
        "metal-position": "^2.0.0",
        "metal-state": "^2.0.0"
      }
    },
    "metal-alert": {
      "version": "2.1.0",
      "resolved": "https://registry.npmjs.org/metal-alert/-/metal-alert-2.1.0.tgz",
      "integrity": "sha1-6VItLe8S8qz8I1hn2kezraUZEfA=",
      "requires": {
        "metal": "^2.0.0",
        "metal-anim": "^2.0.0",
        "metal-component": "^2.0.0",
        "metal-dom": "^2.0.0",
        "metal-events": "^2.0.0",
        "metal-soy": "^2.0.0"
      }
    },
    "metal-anim": {
      "version": "2.0.1",
      "resolved": "https://registry.npmjs.org/metal-anim/-/metal-anim-2.0.1.tgz",
      "integrity": "sha512-QuGyldvcoY1NfUfanSBkgAQD/Od/Jatzg/N5XogxT/GOirfWD2FDpxmbQOjN75p1A1DEwvgJUHjwgwGbd7Vdow==",
      "requires": {
        "metal": "^2.16.6",
        "metal-dom": "^2.16.6"
      }
    },
    "metal-autocomplete": {
      "version": "2.1.0",
      "resolved": "https://registry.npmjs.org/metal-autocomplete/-/metal-autocomplete-2.1.0.tgz",
      "integrity": "sha1-G1BD6BFfUSnqmzlRGLSNn+WqyzA=",
      "requires": {
        "bootstrap": "^3.3.6",
        "metal": "^2.0.0",
        "metal-component": "^2.0.0",
        "metal-debounce": "^2.0.0",
        "metal-dom": "^2.0.0",
        "metal-events": "^2.0.0",
        "metal-list": "^2.0.0",
        "metal-position": "^2.0.0",
        "metal-promise": "^2.0.0",
        "metal-soy": "^2.0.0"
      }
    },
    "metal-button-group": {
      "version": "2.0.1",
      "resolved": "https://registry.npmjs.org/metal-button-group/-/metal-button-group-2.0.1.tgz",
      "integrity": "sha1-8UF4mk4azdI7/Etz/U7ub4/IxLY=",
      "requires": {
        "bootstrap": "^3.3.6",
        "metal": "^2.0.0",
        "metal-component": "^2.0.0",
        "metal-dom": "^2.0.0",
        "metal-soy": "^2.0.0"
      }
    },
    "metal-clipboard": {
      "version": "2.0.1",
      "resolved": "https://registry.npmjs.org/metal-clipboard/-/metal-clipboard-2.0.1.tgz",
      "integrity": "sha512-gTupQJCTzRWVOOObA6uoNXRqeo/XeKTadt9s4Q7JQDsddW6+Imd5rhUirnO4GE1zILEvQArQRsxGSr/Zd7IV1w==",
      "requires": {
        "bootstrap": "^3.3.6",
        "metal": "^2.16.6",
        "metal-dom": "^2.16.6",
        "metal-state": "^2.16.6"
      }
    },
    "metal-component": {
      "version": "2.16.8",
      "resolved": "https://registry.npmjs.org/metal-component/-/metal-component-2.16.8.tgz",
      "integrity": "sha512-Xx/sVnn1x8yDhpZ6hxPgXAbeuzxEaSZcvZp8rEYwGMi/TousQBLXwOlu7IvPh2NH5KaFZHyHJGjPsAvmPNKjSw==",
      "requires": {
        "metal": "^2.16.8",
        "metal-dom": "^2.16.8",
        "metal-events": "^2.16.8",
        "metal-state": "^2.16.8"
      }
    },
    "metal-components": {
      "version": "3.0.0",
      "resolved": "https://registry.npmjs.org/metal-components/-/metal-components-3.0.0.tgz",
      "integrity": "sha512-tbH8vFSCg7Oy7sTCWH7SoC5ZYj1tG8I1yJLw6xTEQwG5zRhuXsMOugzlE7RTRrq7dJ62X7Dl+LES+sIz452hlA==",
      "requires": {
        "bootstrap": "^3.3.6",
        "bootstrap-sass": "^3.3.6",
        "metal-affix": "^2.0.0",
        "metal-alert": "^2.0.0",
        "metal-autocomplete": "^2.0.0",
        "metal-button-group": "^2.0.0",
        "metal-clipboard": "^2.0.0",
        "metal-datatable": "^2.0.0",
        "metal-dropdown": "^3.0.0",
        "metal-list": "^2.0.0",
        "metal-modal": "^2.0.0",
        "metal-pagination": "^2.0.0",
        "metal-popover": "^2.0.0",
        "metal-progressbar": "^2.0.0",
        "metal-rating": "^2.0.0",
        "metal-scrollspy": "^2.0.0",
        "metal-select": "^2.1.0",
        "metal-switcher": "^2.0.0",
        "metal-toggler": "^2.0.0",
        "metal-tooltip": "^2.0.0",
        "metal-treeview": "^2.0.0"
      }
    },
    "metal-datatable": {
      "version": "2.1.1",
      "resolved": "https://registry.npmjs.org/metal-datatable/-/metal-datatable-2.1.1.tgz",
      "integrity": "sha1-eBJiNgzp92ME2VUdE/BaC7jot1U=",
      "requires": {
        "bootstrap": "^3.3.6",
        "metal": "^2.0.0",
        "metal-component": "^2.0.0",
        "metal-dom": "^2.0.0",
        "metal-events": "^2.0.0",
        "metal-keyboard-focus": "^2.0.1",
        "metal-soy": "^2.0.0",
        "metal-useragent": "^2.1.0"
      }
    },
    "metal-debounce": {
      "version": "2.0.2",
      "resolved": "https://registry.npmjs.org/metal-debounce/-/metal-debounce-2.0.2.tgz",
      "integrity": "sha512-BFAVzGDN50drx6cV88JgI1pyI2z4awQZejMgefxpwJgcvsFXMQyymDFRzuEtecYARSHWyGPjfB5BYrpaKY8uKQ=="
    },
    "metal-dom": {
      "version": "2.16.8",
      "resolved": "https://registry.npmjs.org/metal-dom/-/metal-dom-2.16.8.tgz",
      "integrity": "sha512-wmLcuaJ63W/LMT/GgZhqpUefFOVDXlQLI+NJvHJUduIc1XSQOEpSH3OTlzxFsNeMxWEzeC2VAZuKJlrIjNQvDA==",
      "requires": {
        "metal": "^2.16.8",
        "metal-events": "^2.16.8"
      }
    },
    "metal-dropdown": {
      "version": "3.0.0",
      "resolved": "https://registry.npmjs.org/metal-dropdown/-/metal-dropdown-3.0.0.tgz",
      "integrity": "sha512-XtPtn804Zzkr60vMoWUfgfTEINyFCfw8yFR3qHEkyUdpvjDLb4kXqZ7/gKyFZ3Q6mj1pI8D9hT88lsuv9GwIlw==",
      "requires": {
        "bootstrap": "^3.3.6",
        "metal": "^2.0.0",
        "metal-component": "^2.0.0",
        "metal-dom": "^2.0.0",
        "metal-events": "^2.0.0",
        "metal-position": "^2.0.0",
        "metal-soy": "^2.0.0"
      }
    },
    "metal-events": {
      "version": "2.16.8",
      "resolved": "https://registry.npmjs.org/metal-events/-/metal-events-2.16.8.tgz",
      "integrity": "sha512-Aa9ozlChOuJT0rLMSSpV7V+0RAk+TGhoe8Khlqh9iaJUPWlofptpgTTlagoqNxTm13iFNm6b2+mZauWM65iBlQ==",
      "requires": {
        "metal": "^2.16.8"
      }
    },
    "metal-incremental-dom": {
      "version": "2.16.9",
      "resolved": "https://registry.npmjs.org/metal-incremental-dom/-/metal-incremental-dom-2.16.9.tgz",
      "integrity": "sha512-iccRCytGadxT66UGFu559wRUTHi4nP7vp2gltn1RifL/e1BK/bGrR0KHT8oaeBNRToiA8Krqe5aMz4Eayu6Y1w==",
      "requires": {
        "incremental-dom": "^0.5.1",
        "incremental-dom-string": "^0.0.5",
        "metal": "^2.16.8",
        "metal-component": "^2.16.8",
        "metal-dom": "^2.16.8"
      }
    },
    "metal-keyboard-focus": {
      "version": "2.0.1",
      "resolved": "https://registry.npmjs.org/metal-keyboard-focus/-/metal-keyboard-focus-2.0.1.tgz",
      "integrity": "sha1-MjcExH2TtkD61ZmsZaDo3uWlBF8=",
      "requires": {
        "metal": "^2.0.0",
        "metal-events": "^2.2.3"
      }
    },
    "metal-list": {
      "version": "2.0.4",
      "resolved": "https://registry.npmjs.org/metal-list/-/metal-list-2.0.4.tgz",
      "integrity": "sha1-A4cIoyfMOkzuAahwgG6Ls0DToQI=",
      "requires": {
        "bootstrap": "^3.3.6",
        "metal": "^2.0.0",
        "metal-component": "^2.0.0",
        "metal-dom": "^2.0.0",
        "metal-soy": "^2.0.0"
      }
    },
    "metal-modal": {
      "version": "2.0.5",
      "resolved": "https://registry.npmjs.org/metal-modal/-/metal-modal-2.0.5.tgz",
      "integrity": "sha1-Rbr2t9za4piUjTsKSrpL0335X0U=",
      "requires": {
        "metal": "^2.0.0",
        "metal-component": "^2.0.0",
        "metal-dom": "^2.0.0",
        "metal-events": "^2.0.0",
        "metal-soy": "^2.0.0"
      }
    },
    "metal-pagination": {
      "version": "2.0.1",
      "resolved": "https://registry.npmjs.org/metal-pagination/-/metal-pagination-2.0.1.tgz",
      "integrity": "sha1-N36LN6B4TPHvkiAbeBcntymlBS0=",
      "requires": {
        "bootstrap": "^3.3.6",
        "metal-component": "^2.0.0",
        "metal-soy": "^2.0.0"
      }
    },
    "metal-popover": {
      "version": "2.1.0",
      "resolved": "https://registry.npmjs.org/metal-popover/-/metal-popover-2.1.0.tgz",
      "integrity": "sha1-UhE3Z6zGz4MloZb00HNFu1/1Si0=",
      "requires": {
        "bootstrap": "^3.3.6",
        "metal": "^2.0.0",
        "metal-component": "^2.0.0",
        "metal-dom": "^2.0.0",
        "metal-soy": "^2.0.0",
        "metal-tooltip": "^2.0.0"
      }
    },
    "metal-position": {
      "version": "2.1.2",
      "resolved": "https://registry.npmjs.org/metal-position/-/metal-position-2.1.2.tgz",
      "integrity": "sha512-XvE1AQoySYFGG0sc3unZWfK97UKOvHvg/asq2k1Oh+vs1NGD9PhhGBQKiD0/Rix85ICHEeLUVzS0WGQr5wdapQ==",
      "requires": {
        "metal": "^2.16.6",
        "metal-dom": "^2.16.6"
      }
    },
    "metal-progressbar": {
      "version": "2.0.1",
      "resolved": "https://registry.npmjs.org/metal-progressbar/-/metal-progressbar-2.0.1.tgz",
      "integrity": "sha1-dW/i+Tr9a0+1W71uq6pDxR2+jhU=",
      "requires": {
        "bootstrap": "^3.3.6",
        "metal": "^2.0.0",
        "metal-component": "^2.0.0",
        "metal-dom": "^2.0.0",
        "metal-soy": "^2.0.0"
      }
    },
    "metal-promise": {
      "version": "2.0.1",
      "resolved": "https://registry.npmjs.org/metal-promise/-/metal-promise-2.0.1.tgz",
      "integrity": "sha1-KP9DIQ5MaeX/9R2/IB5K4v5vg9U=",
      "requires": {
        "metal": "^2.0.0"
      }
    },
    "metal-rating": {
      "version": "2.0.2",
      "resolved": "https://registry.npmjs.org/metal-rating/-/metal-rating-2.0.2.tgz",
      "integrity": "sha1-7D342axukvJKqOG2eKdL8dQzPlE=",
      "requires": {
        "bootstrap": "^3.3.6",
        "metal": "^2.0.0",
        "metal-component": "^2.0.0",
        "metal-dom": "^2.0.0",
        "metal-soy": "^2.0.0"
      }
    },
    "metal-scrollspy": {
      "version": "2.1.1",
      "resolved": "https://registry.npmjs.org/metal-scrollspy/-/metal-scrollspy-2.1.1.tgz",
      "integrity": "sha512-INcZS9XMwDvZC5SfrTD0uWjAHLQBeYGcRryU75ybfObg4E8ZlDhtPSIp9T0a0gcJ02KpjwAbeCQhdCL2OSjEAg==",
      "requires": {
        "bootstrap": "^3.3.6",
        "metal": "^2.16.6",
        "metal-dom": "^2.16.6",
        "metal-position": "^2.1.2",
        "metal-state": "^2.16.6"
      }
    },
    "metal-select": {
      "version": "2.1.0",
      "resolved": "https://registry.npmjs.org/metal-select/-/metal-select-2.1.0.tgz",
      "integrity": "sha512-7WHtJz7/l0KQYkuYb65HKWvef1vNyZhdLFUof2jKVx4x2gUm9VaBEDH6HbvyIcHO99bKOiDeoR995furjfcx2A==",
      "requires": {
        "bootstrap": "^3.3.6",
        "metal": "^2.0.0",
        "metal-component": "^2.0.0",
        "metal-dom": "^2.0.0",
        "metal-dropdown": "^3.0.0",
        "metal-soy": "^2.0.0"
      }
    },
    "metal-soy": {
      "version": "2.16.9",
      "resolved": "https://registry.npmjs.org/metal-soy/-/metal-soy-2.16.9.tgz",
      "integrity": "sha512-RZyThJ1nRAreb7QsTeKfTuOX9Xj7PJaLOqt/y0oGDSPLWtAFElwVIgB/AvWKTCmOLski5z8Rr+zM3ydZB/AD8g==",
      "requires": {
        "metal": "^2.16.8",
        "metal-component": "^2.16.8",
        "metal-dom": "^2.16.8",
        "metal-incremental-dom": "^2.16.9",
        "metal-soy-bundle": "^2.16.9",
        "metal-state": "^2.16.8"
      }
    },
    "metal-soy-bundle": {
      "version": "2.16.9",
      "resolved": "https://registry.npmjs.org/metal-soy-bundle/-/metal-soy-bundle-2.16.9.tgz",
      "integrity": "sha512-I44mk07no/F5zDDRPmR5N3aV1PjaubyPl1wTQnSZqk6GjxcIRiQDG2j5GM+egDKCcTxupibCH+eEERztIUrDXQ==",
      "requires": {
        "metal-incremental-dom": "^2.16.9"
      }
    },
    "metal-state": {
      "version": "2.16.8",
      "resolved": "https://registry.npmjs.org/metal-state/-/metal-state-2.16.8.tgz",
      "integrity": "sha512-q0R8Cjk2Mx8oZcZmAxmvMcVNJNq7sGXnZFGPXBH+07/DrfcWExy+dxegvpx88+5laIGfOt93vrgoy6F83s/Jqw==",
      "requires": {
        "metal": "^2.16.8",
        "metal-events": "^2.16.8"
      }
    },
    "metal-switcher": {
      "version": "2.0.1",
      "resolved": "https://registry.npmjs.org/metal-switcher/-/metal-switcher-2.0.1.tgz",
      "integrity": "sha1-hWSMCRIfZz592ZHDR4RZOohB52w=",
      "requires": {
        "bootstrap": "^3.3.6",
        "bootstrap-sass": "^3.3.6",
        "metal": "^2.0.0",
        "metal-component": "^2.0.0",
        "metal-dom": "^2.0.0",
        "metal-soy": "^2.0.0"
      }
    },
    "metal-toggler": {
      "version": "2.3.0",
      "resolved": "https://registry.npmjs.org/metal-toggler/-/metal-toggler-2.3.0.tgz",
      "integrity": "sha512-kitJBmi7AJcIocANx8PekS9dhHajT98p8tdMKXcxsWLBGIlf0ZAg8jnO9mOpuUc3ILBrJvxxwWQLH0wo2xPO+Q==",
      "requires": {
        "bootstrap": "^3.3.6",
        "metal": "^2.0.0",
        "metal-dom": "^2.0.0",
        "metal-events": "^2.0.0",
        "metal-state": "^2.0.0"
      }
    },
    "metal-tooltip": {
      "version": "2.0.3",
      "resolved": "https://registry.npmjs.org/metal-tooltip/-/metal-tooltip-2.0.3.tgz",
      "integrity": "sha1-FNJvszhgyB4A+DaWe0ivtdkQh1M=",
      "requires": {
        "bootstrap": "^3.3.6",
        "metal": "^2.0.0",
        "metal-component": "^2.0.0",
        "metal-dom": "^2.0.0",
        "metal-events": "^2.0.0",
        "metal-position": "^2.0.0",
        "metal-soy": "^2.0.0"
      }
    },
    "metal-treeview": {
      "version": "2.1.0",
      "resolved": "https://registry.npmjs.org/metal-treeview/-/metal-treeview-2.1.0.tgz",
      "integrity": "sha1-wEu+mWOf2ui6Sv72ReC0K4ikN+U=",
      "requires": {
        "bootstrap": "^3.3.6",
        "metal": "^2.0.0",
        "metal-component": "^2.0.0",
        "metal-dom": "^2.0.0",
        "metal-events": "^2.0.0",
        "metal-keyboard-focus": "^2.0.0",
        "metal-soy": "^2.0.0"
      }
    },
    "metal-useragent": {
      "version": "2.2.0",
      "resolved": "https://registry.npmjs.org/metal-useragent/-/metal-useragent-2.2.0.tgz",
      "integrity": "sha512-h9O1Bwa2Ghj43zs+I23S7nqAQCwe9z2eOy2jRfUKK66ZWLpiQ/locNQ3kbyEDYYrx8Soc9jHH1FXPWhRi+B3Bw==",
      "requires": {
        "metal": "^2.0.0"
      }
    },
    "xss-filters": {
      "version": "1.2.7",
      "resolved": "https://registry.npmjs.org/xss-filters/-/xss-filters-1.2.7.tgz",
      "integrity": "sha1-Wfod4gHzby80cNysX1jMwoMLCpo="
    }
  }
}
